
Microsoft Visual Studio Solution File, Format Version 12.00
# Visual Studio Version 16
VisualStudioVersion = 16.0.30225.117
MinimumVisualStudioVersion = 10.0.40219.1
Project("{FAE04EC0-301F-11D3-BF4B-00C04F79EFBC}") = "Sessional Final", "Sessional Final\Sessional Final.csproj", "{0F7A2CA2-B9DC-4315-B4EA-1A66B706E22A}"
EndProject
Global
	GlobalSection(SolutionConfigurationPlatforms) = preSolution
		Debug|Any CPU = Debug|Any CPU
		Release|Any CPU = Release|Any CPU
	EndGlobalSection
	GlobalSection(ProjectConfigurationPlatforms) = postSolution
		{0F7A2CA2-B9DC-4315-B4EA-1A66B706E22A}.Debug|Any CPU.ActiveCfg = Debug|Any CPU
		{0F7A2CA2-B9DC-4315-B4EA-1A66B706E22A}.Debug|Any CPU.Build.0 = Debug|Any CPU
		{0F7A2CA2-B9DC-4315-B4EA-1A66B706E22A}.Release|Any CPU.ActiveCfg = Release|Any CPU
		{0F7A2CA2-B9DC-4315-B4EA-1A66B706E22A}.Release|Any CPU.Build.0 = Release|Any CPU
	EndGlobalSection
	GlobalSection(SolutionProperties) = preSolution
		HideSolutionNode = FALSE
	EndGlobalSection
	GlobalSection(ExtensibilityGlobals) = postSolution
		SolutionGuid = {7F93D246-098E-4F19-9C14-3C9F07DAF7A3}
	EndGlobalSection
EndGlobal
